SITE
  remote: http://community.opscode.com/api/v1
  specs:
    apt (2.3.0)

GIT
  remote: https://github.com/higanworks-cookbooks/simplelog_handler
  ref: master
  sha: 21e217092463f072c606fdacfa576b323b1258c2
  specs:
    simplelog_handler (0.1.0)

PATH
  remote: ./
  specs:
    mongodb-10gen (0.1.10)
      apt (>= 0.0.0)
      mongodb-10gen (>= 0.0.0)

DEPENDENCIES
  apt (>= 0)
  mongodb-10gen (>= 0)
  simplelog_handler (>= 0)

